
Microsoft Visual Studio Solution File, Format Version 12.00
# Visual Studio 15
VisualStudioVersion = 15.0.28307.1000
MinimumVisualStudioVersion = 10.0.40219.1
Project("{9A19103F-16F7-4668-BE54-9A1E7A4F7556}") = "Microservice.User.Service", "Microservice.User.Service\Microservice.User.Service.csproj", "{5C45E5D0-79F8-46B1-AC80-B34281EB531C}"
EndProject
Project("{FAE04EC0-301F-11D3-BF4B-00C04F79EFBC}") = "Microservice.User.Tests", "Microservice.User.Tests\Microservice.User.Tests.csproj", "{F282CFB9-CFEB-4BB7-84C8-AAB0A3E6BBFD}"
EndProject
Global
	GlobalSection(SolutionConfigurationPlatforms) = preSolution
		Debug|Any CPU = Debug|Any CPU
		Release|Any CPU = Release|Any CPU
	EndGlobalSection
	GlobalSection(ProjectConfigurationPlatforms) = postSolution
		{5C45E5D0-79F8-46B1-AC80-B34281EB531C}.Debug|Any CPU.ActiveCfg = Debug|Any CPU
		{5C45E5D0-79F8-46B1-AC80-B34281EB531C}.Debug|Any CPU.Build.0 = Debug|Any CPU
		{5C45E5D0-79F8-46B1-AC80-B34281EB531C}.Release|Any CPU.ActiveCfg = Release|Any CPU
		{5C45E5D0-79F8-46B1-AC80-B34281EB531C}.Release|Any CPU.Build.0 = Release|Any CPU
		{F282CFB9-CFEB-4BB7-84C8-AAB0A3E6BBFD}.Debug|Any CPU.ActiveCfg = Debug|Any CPU
		{F282CFB9-CFEB-4BB7-84C8-AAB0A3E6BBFD}.Debug|Any CPU.Build.0 = Debug|Any CPU
		{F282CFB9-CFEB-4BB7-84C8-AAB0A3E6BBFD}.Release|Any CPU.ActiveCfg = Release|Any CPU
		{F282CFB9-CFEB-4BB7-84C8-AAB0A3E6BBFD}.Release|Any CPU.Build.0 = Release|Any CPU
	EndGlobalSection
	GlobalSection(SolutionProperties) = preSolution
		HideSolutionNode = FALSE
	EndGlobalSection
	GlobalSection(ExtensibilityGlobals) = postSolution
		SolutionGuid = {6CD931A4-BC3D-4F21-A2C4-EF635A3ED07A}
	EndGlobalSection
EndGlobal
